// !$*UTF8*$!
{
	archiveVersion = 1;
	classes = {
	};
	objectVersion = 55;
	objects = {

/* Begin PBXBuildFile section */
		898599442821AE9500BFB90A /* SettingsView.swift in Sources */ = {isa = PBXBuildFile; fileRef = 898599432821AE9500BFB90A /* SettingsView.swift */; };
		8991EFA5280C9238004E314A /* Colorful_CalculatorApp.swift in Sources */ = {isa = PBXBuildFile; fileRef = 8991EFA4280C9238004E314A /* Colorful_CalculatorApp.swift */; };
		8991EFA7280C9238004E314A /* ContentView.swift in Sources */ = {isa = PBXBuildFile; fileRef = 8991EFA6280C9238004E314A /* ContentView.swift */; };
		8991EFA9280C923B004E314A /* Assets.xcassets in Resources */ = {isa = PBXBuildFile; fileRef = 8991EFA8280C923B004E314A /* Assets.xcassets */; };
		8991EFAC280C923B004E314A /* Preview Assets.xcassets in Resources */ = {isa = PBXBuildFile; fileRef = 8991EFAB280C923B004E314A /* Preview Assets.xcassets */; };
		89BB827F281B1E950049B466 /* Buttons.swift in Sources */ = {isa = PBXBuildFile; fileRef = 89BB827E281B1E950049B466 /* Buttons.swift */; };
		89BB8281281B1F690049B466 /* Operations.swift in Sources */ = {isa = PBXBuildFile; fileRef = 89BB8280281B1F690049B466 /* Operations.swift */; };
		89BB8284281B1FDD0049B466 /* Calculations.swift in Sources */ = {isa = PBXBuildFile; fileRef = 89BB8283281B1FDD0049B466 /* Calculations.swift */; };
		89C032B5282438E300B39D08 /* ButtonsDataRealm.swift in Sources */ = {isa = PBXBuildFile; fileRef = 89C032B4282438E300B39D08 /* ButtonsDataRealm.swift */; };
		89C032B72824692300B39D08 /* RealmDBController.swift in Sources */ = {isa = PBXBuildFile; fileRef = 89C032B62824692300B39D08 /* RealmDBController.swift */; };
		8AEE34C1CA8869C7960CE52A /* Pods_Colorful_Calculator.framework in Frameworks */ = {isa = PBXBuildFile; fileRef = 9401772B6F6E6F7C9CEBDE5B /* Pods_Colorful_Calculator.framework */; };
/* End PBXBuildFile section */

/* Begin PBXFileReference section */
		562CC0B1A55CE5F8E89BE17B /* Pods-Colorful Calculator.debug.xcconfig */ = {isa = PBXFileReference; includeInIndex = 1; lastKnownFileType = text.xcconfig; name = "Pods-Colorful Calculator.debug.xcconfig"; path = "Target Support Files/Pods-Colorful Calculator/Pods-Colorful Calculator.debug.xcconfig"; sourceTree = "<group>"; };
		898599432821AE9500BFB90A /* SettingsView.swift */ = {isa = PBXFileReference; lastKnownFileType = sourcecode.swift; path = SettingsView.swift; sourceTree = "<group>"; };
		8991EFA1280C9238004E314A /* Colorful Calculator.app */ = {isa = PBXFileReference; explicitFileType = wrapper.application; includeInIndex = 0; path = "Colorful Calculator.app"; sourceTree = BUILT_PRODUCTS_DIR; };
		8991EFA4280C9238004E314A /* Colorful_CalculatorApp.swift */ = {isa = PBXFileReference; lastKnownFileType = sourcecode.swift; path = Colorful_CalculatorApp.swift; sourceTree = "<group>"; };
		8991EFA6280C9238004E314A /* ContentView.swift */ = {isa = PBXFileReference; lastKnownFileType = sourcecode.swift; path = ContentView.swift; sourceTree = "<group>"; };
		8991EFA8280C923B004E314A /* Assets.xcassets */ = {isa = PBXFileReference; lastKnownFileType = folder.assetcatalog; path = Assets.xcassets; sourceTree = "<group>"; };
		8991EFAB280C923B004E314A /* Preview Assets.xcassets */ = {isa = PBXFileReference; lastKnownFileType = folder.assetcatalog; path = "Preview Assets.xcassets"; sourceTree = "<group>"; };
		89BB827E281B1E950049B466 /* Buttons.swift */ = {isa = PBXFileReference; lastKnownFileType = sourcecode.swift; path = Buttons.swift; sourceTree = "<group>"; };
		89BB8280281B1F690049B466 /* Operations.swift */ = {isa = PBXFileReference; lastKnownFileType = sourcecode.swift; path = Operations.swift; sourceTree = "<group>"; };
		89BB8283281B1FDD0049B466 /* Calculations.swift */ = {isa = PBXFileReference; lastKnownFileType = sourcecode.swift; path = Calculations.swift; sourceTree = "<group>"; };
		89C032B4282438E300B39D08 /* ButtonsDataRealm.swift */ = {isa = PBXFileReference; lastKnownFileType = sourcecode.swift; path = ButtonsDataRealm.swift; sourceTree = "<group>"; };
		89C032B62824692300B39D08 /* RealmDBController.swift */ = {isa = PBXFileReference; lastKnownFileType = sourcecode.swift; path = RealmDBController.swift; sourceTree = "<group>"; };
		9401772B6F6E6F7C9CEBDE5B /* Pods_Colorful_Calculator.framework */ = {isa = PBXFileReference; explicitFileType = wrapper.framework; includeInIndex = 0; path = Pods_Colorful_Calculator.framework; sourceTree = BUILT_PRODUCTS_DIR; };
		D9CAA48AED1DF98A95764A94 /* Pods-Colorful Calculator.release.xcconfig */ = {isa = PBXFileReference; includeInIndex = 1; lastKnownFileType = text.xcconfig; name = "Pods-Colorful Calculator.release.xcconfig"; path = "Target Support Files/Pods-Colorful Calculator/Pods-Colorful Calculator.release.xcconfig"; sourceTree = "<group>"; };
/* End PBXFileReference section */

/* Begin PBXFrameworksBuildPhase section */
		8991EF9E280C9238004E314A /* Frameworks */ = {
			isa = PBXFrameworksBuildPhase;
			buildActionMask = 2147483647;
			files = (
				8AEE34C1CA8869C7960CE52A /* Pods_Colorful_Calculator.framework in Frameworks */,
			);
			runOnlyForDeploymentPostprocessing = 0;
		};
/* End PBXFrameworksBuildPhase section */

/* Begin PBXGroup section */
		8991EF98280C9238004E314A = {
			isa = PBXGroup;
			children = (
				8991EFA3280C9238004E314A /* Colorful Calculator */,
				8991EFA2280C9238004E314A /* Products */,
				CC79BE647FC0C2EE70B66AF1 /* Pods */,
				B7EAA1446EA5645AAA246D02 /* Frameworks */,
			);
			sourceTree = "<group>";
		};
		8991EFA2280C9238004E314A /* Products */ = {
			isa = PBXGroup;
			children = (
				8991EFA1280C9238004E314A /* Colorful Calculator.app */,
			);
			name = Products;
			sourceTree = "<group>";
		};
		8991EFA3280C9238004E314A /* Colorful Calculator */ = {
			isa = PBXGroup;
			children = (
				8991EFA4280C9238004E314A /* Colorful_CalculatorApp.swift */,
				89BB827D281B1E7D0049B466 /* Model */,
				89BB8285281B21400049B466 /* View */,
				89BB8282281B1FB10049B466 /* Controller */,
				8991EFA8280C923B004E314A /* Assets.xcassets */,
				8991EFAA280C923B004E314A /* Preview Content */,
			);
			path = "Colorful Calculator";
			sourceTree = "<group>";
		};
		8991EFAA280C923B004E314A /* Preview Content */ = {
			isa = PBXGroup;
			children = (
				8991EFAB280C923B004E314A /* Preview Assets.xcassets */,
			);
			path = "Preview Content";
			sourceTree = "<group>";
		};
		89BB827D281B1E7D0049B466 /* Model */ = {
			isa = PBXGroup;
			children = (
				89BB827E281B1E950049B466 /* Buttons.swift */,
				89BB8280281B1F690049B466 /* Operations.swift */,
				89C032B4282438E300B39D08 /* ButtonsDataRealm.swift */,
			);
			path = Model;
			sourceTree = "<group>";
		};
		89BB8282281B1FB10049B466 /* Controller */ = {
			isa = PBXGroup;
			children = (
				89BB8283281B1FDD0049B466 /* Calculations.swift */,
				89C032B62824692300B39D08 /* RealmDBController.swift */,
			);
			path = Controller;
			sourceTree = "<group>";
		};
		89BB8285281B21400049B466 /* View */ = {
			isa = PBXGroup;
			children = (
				8991EFA6280C9238004E314A /* ContentView.swift */,
				898599432821AE9500BFB90A /* SettingsView.swift */,
			);
			path = View;
			sourceTree = "<group>";
		};
		B7EAA1446EA5645AAA246D02 /* Frameworks */ = {
			isa = PBXGroup;
			children = (
				9401772B6F6E6F7C9CEBDE5B /* Pods_Colorful_Calculator.framework */,
			);
			name = Frameworks;
			sourceTree = "<group>";
		};
		CC79BE647FC0C2EE70B66AF1 /* Pods */ = {
			isa = PBXGroup;
			children = (
				562CC0B1A55CE5F8E89BE17B /* Pods-Colorful Calculator.debug.xcconfig */,
				D9CAA48AED1DF98A95764A94 /* Pods-Colorful Calculator.release.xcconfig */,
			);
			path = Pods;
			sourceTree = "<group>";
		};
/* End PBXGroup section */

/* Begin PBXNativeTarget section */
		8991EFA0280C9238004E314A /* Colorful Calculator */ = {
			isa = PBXNativeTarget;
			buildConfigurationList = 8991EFAF280C923B004E314A /* Build configuration list for PBXNativeTarget "Colorful Calculator" */;
			buildPhases = (
				8F9BF36E84CFA5721CCBCBE7 /* [CP] Check Pods Manifest.lock */,
				8991EF9D280C9238004E314A /* Sources */,
				8991EF9E280C9238004E314A /* Frameworks */,
				8991EF9F280C9238004E314A /* Resources */,
				406AA68CFC170E1C8138BB7B /* [CP] Embed Pods Frameworks */,
			);
			buildRules = (
			);
			dependencies = (
			);
			name = "Colorful Calculator";
			productName = "Colorful Calculator";
			productReference = 8991EFA1280C9238004E314A /* Colorful Calculator.app */;
			productType = "com.apple.product-type.application";
		};
/* End PBXNativeTarget section */

/* Begin PBXProject section */
		8991EF99280C9238004E314A /* Project object */ = {
			isa = PBXProject;
			attributes = {
				BuildIndependentTargetsInParallel = 1;
				LastSwiftUpdateCheck = 1330;
				LastUpgradeCheck = 1330;
				TargetAttributes = {
					8991EFA0280C9238004E314A = {
						CreatedOnToolsVersion = 13.3.1;
					};
				};
			};
			buildConfigurationList = 8991EF9C280C9238004E314A /* Build configuration list for PBXProject "Colorful Calculator" */;
			compatibilityVersion = "Xcode 13.0";
			developmentRegion = en;
			hasScannedForEncodings = 0;
			knownRegions = (
				en,
				Base,
			);
			mainGroup = 8991EF98280C9238004E314A;
			productRefGroup = 8991EFA2280C9238004E314A /* Products */;
			projectDirPath = "";
			projectRoot = "";
			targets = (
				8991EFA0280C9238004E314A /* Colorful Calculator */,
			);
		};
/* End PBXProject section */

/* Begin PBXResourcesBuildPhase section */
		8991EF9F280C9238004E314A /* Resources */ = {
			isa = PBXResourcesBuildPhase;
			buildActionMask = 2147483647;
			files = (
				8991EFAC280C923B004E314A /* Preview Assets.xcassets in Resources */,
				8991EFA9280C923B004E314A /* Assets.xcassets in Resources */,
			);
			runOnlyForDeploymentPostprocessing = 0;
		};
/* End PBXResourcesBuildPhase section */

/* Begin PBXShellScriptBuildPhase section */
		406AA68CFC170E1C8138BB7B /* [CP] Embed Pods Frameworks */ = {
			isa = PBXShellScriptBuildPhase;
			buildActionMask = 2147483647;
			files = (
			);
			inputFileListPaths = (
				"${PODS_ROOT}/Target Support Files/Pods-Colorful Calculator/Pods-Colorful Calculator-frameworks-${CONFIGURATION}-input-files.xcfilelist",
			);
			name = "[CP] Embed Pods Frameworks";
			outputFileListPaths = (
				"${PODS_ROOT}/Target Support Files/Pods-Colorful Calculator/Pods-Colorful Calculator-frameworks-${CONFIGURATION}-output-files.xcfilelist",
			);
			runOnlyForDeploymentPostprocessing = 0;
			shellPath = /bin/sh;
			shellScript = "\"${PODS_ROOT}/Target Support Files/Pods-Colorful Calculator/Pods-Colorful Calculator-frameworks.sh\"\n";
			showEnvVarsInLog = 0;
		};
		8F9BF36E84CFA5721CCBCBE7 /* [CP] Check Pods Manifest.lock */ = {
			isa = PBXShellScriptBuildPhase;
			buildActionMask = 2147483647;
			files = (
			);
			inputFileListPaths = (
			);
			inputPaths = (
				"${PODS_PODFILE_DIR_PATH}/Podfile.lock",
				"${PODS_ROOT}/Manifest.lock",
			);
			name = "[CP] Check Pods Manifest.lock";
			outputFileListPaths = (
			);
			outputPaths = (
				"$(DERIVED_FILE_DIR)/Pods-Colorful Calculator-checkManifestLockResult.txt",
			);
			runOnlyForDeploymentPostprocessing = 0;
			shellPath = /bin/sh;
			shellScript = "diff \"${PODS_PODFILE_DIR_PATH}/Podfile.lock\" \"${PODS_ROOT}/Manifest.lock\" > /dev/null\nif [ $? != 0 ] ; then\n    # print error to STDERR\n    echo \"error: The sandbox is not in sync with the Podfile.lock. Run 'pod install' or update your CocoaPods installation.\" >&2\n    exit 1\nfi\n# This output is used by Xcode 'outputs' to avoid re-running this script phase.\necho \"SUCCESS\" > \"${SCRIPT_OUTPUT_FILE_0}\"\n";
			showEnvVarsInLog = 0;
		};
/* End PBXShellScriptBuildPhase section */

/* Begin PBXSourcesBuildPhase section */
		8991EF9D280C9238004E314A /* Sources */ = {
			isa = PBXSourcesBuildPhase;
			buildActionMask = 2147483647;
			files = (
				89BB827F281B1E950049B466 /* Buttons.swift in Sources */,
				8991EFA7280C9238004E314A /* ContentView.swift in Sources */,
				8991EFA5280C9238004E314A /* Colorful_CalculatorApp.swift in Sources */,
				898599442821AE9500BFB90A /* SettingsView.swift in Sources */,
				89BB8284281B1FDD0049B466 /* Calculations.swift in Sources */,
				89C032B72824692300B39D08 /* RealmDBController.swift in Sources */,
				89C032B5282438E300B39D08 /* ButtonsDataRealm.swift in Sources */,
				89BB8281281B1F690049B466 /* Operations.swift in Sources */,
			);
			runOnlyForDeploymentPostprocessing = 0;
		};
/* End PBXSourcesBuildPhase section */

/* Begin XCBuildConfiguration section */
		8991EFAD280C923B004E314A /* Debug */ = {
			isa = XCBuildConfiguration;
			buildSettings = {
				ALWAYS_SEARCH_USER_PATHS = NO;
				CLANG_ANALYZER_NONNULL = YES;
				CLANG_ANALYZER_NUMBER_OBJECT_CONVERSION = YES_AGGRESSIVE;
				CLANG_CXX_LANGUAGE_STANDARD = "gnu++17";
				CLANG_ENABLE_MODULES = YES;
				CLANG_ENABLE_OBJC_ARC = YES;
				CLANG_ENABLE_OBJC_WEAK = YES;
				CLANG_WARN_BLOCK_CAPTURE_AUTORELEASING = YES;
				CLANG_WARN_BOOL_CONVERSION = YES;
				CLANG_WARN_COMMA = YES;
				CLANG_WARN_CONSTANT_CONVERSION = YES;
				CLANG_WARN_DEPRECATED_OBJC_IMPLEMENTATIONS = YES;
				CLANG_WARN_DIRECT_OBJC_ISA_USAGE = YES_ERROR;
				CLANG_WARN_DOCUMENTATION_COMMENTS = YES;
				CLANG_WARN_EMPTY_BODY = YES;
				CLANG_WARN_ENUM_CONVERSION = YES;
				CLANG_WARN_INFINITE_RECURSION = YES;
				CLANG_WARN_INT_CONVERSION = YES;
				CLANG_WARN_NON_LITERAL_NULL_CONVERSION = YES;
				CLANG_WARN_OBJC_IMPLICIT_RETAIN_SELF = YES;
				CLANG_WARN_OBJC_LITERAL_CONVERSION = YES;
				CLANG_WARN_OBJC_ROOT_CLASS = YES_ERROR;
				CLANG_WARN_QUOTED_INCLUDE_IN_FRAMEWORK_HEADER = YES;
				CLANG_WARN_RANGE_LOOP_ANALYSIS = YES;
				CLANG_WARN_STRICT_PROTOTYPES = YES;
				CLANG_WARN_SUSPICIOUS_MOVE = YES;
				CLANG_WARN_UNGUARDED_AVAILABILITY = YES_AGGRESSIVE;
				CLANG_WARN_UNREACHABLE_CODE = YES;
				CLANG_WARN__DUPLICATE_METHOD_MATCH = YES;
				COPY_PHASE_STRIP = NO;
				DEBUG_INFORMATION_FORMAT = dwarf;
				ENABLE_STRICT_OBJC_MSGSEND = YES;
				ENABLE_TESTABILITY = YES;
				GCC_C_LANGUAGE_STANDARD = gnu11;
				GCC_DYNAMIC_NO_PIC = NO;
				GCC_NO_COMMON_BLOCKS = YES;
				GCC_OPTIMIZATION_LEVEL = 0;
				GCC_PREPROCESSOR_DEFINITIONS = (
					"DEBUG=1",
					"$(inherited)",
				);
				GCC_WARN_64_TO_32_BIT_CONVERSION = YES;
				GCC_WARN_ABOUT_RETURN_TYPE = YES_ERROR;
				GCC_WARN_UNDECLARED_SELECTOR = YES;
				GCC_WARN_UNINITIALIZED_AUTOS = YES_AGGRESSIVE;
				GCC_WARN_UNUSED_FUNCTION = YES;
				GCC_WARN_UNUSED_VARIABLE = YES;
				IPHONEOS_DEPLOYMENT_TARGET = 15.4;
				MTL_ENABLE_DEBUG_INFO = INCLUDE_SOURCE;
				MTL_FAST_MATH = YES;
				ONLY_ACTIVE_ARCH = YES;
				SDKROOT = iphoneos;
				SWIFT_ACTIVE_COMPILATION_CONDITIONS = DEBUG;
				SWIFT_OPTIMIZATION_LEVEL = "-Onone";
			};
			name = Debug;
		};
		8991EFAE280C923B004E314A /* Release */ = {
			isa = XCBuildConfiguration;
			buildSettings = {
				ALWAYS_SEARCH_USER_PATHS = NO;
				CLANG_ANALYZER_NONNULL = YES;
				CLANG_ANALYZER_NUMBER_OBJECT_CONVERSION = YES_AGGRESSIVE;
				CLANG_CXX_LANGUAGE_STANDARD = "gnu++17";
				CLANG_ENABLE_MODULES = YES;
				CLANG_ENABLE_OBJC_ARC = YES;
				CLANG_ENABLE_OBJC_WEAK = YES;
				CLANG_WARN_BLOCK_CAPTURE_AUTORELEASING = YES;
				CLANG_WARN_BOOL_CONVERSION = YES;
				CLANG_WARN_COMMA = YES;
				CLANG_WARN_CONSTANT_CONVERSION = YES;
				CLANG_WARN_DEPRECATED_OBJC_IMPLEMENTATIONS = YES;
				CLANG_WARN_DIRECT_OBJC_ISA_USAGE = YES_ERROR;
				CLANG_WARN_DOCUMENTATION_COMMENTS = YES;
				CLANG_WARN_EMPTY_BODY = YES;
				CLANG_WARN_ENUM_CONVERSION = YES;
				CLANG_WARN_INFINITE_RECURSION = YES;
				CLANG_WARN_INT_CONVERSION = YES;
				CLANG_WARN_NON_LITERAL_NULL_CONVERSION = YES;
				CLANG_WARN_OBJC_IMPLICIT_RETAIN_SELF = YES;
				CLANG_WARN_OBJC_LITERAL_CONVERSION = YES;
				CLANG_WARN_OBJC_ROOT_CLASS = YES_ERROR;
				CLANG_WARN_QUOTED_INCLUDE_IN_FRAMEWORK_HEADER = YES;
				CLANG_WARN_RANGE_LOOP_ANALYSIS = YES;
				CLANG_WARN_STRICT_PROTOTYPES = YES;
				CLANG_WARN_SUSPICIOUS_MOVE = YES;
				CLANG_WARN_UNGUARDED_AVAILABILITY = YES_AGGRESSIVE;
				CLANG_WARN_UNREACHABLE_CODE = YES;
				CLANG_WARN__DUPLICATE_METHOD_MATCH = YES;
				COPY_PHASE_STRIP = NO;
				DEBUG_INFORMATION_FORMAT = "dwarf-with-dsym";
				ENABLE_NS_ASSERTIONS = NO;
				ENABLE_STRICT_OBJC_MSGSEND = YES;
				GCC_C_LANGUAGE_STANDARD = gnu11;
				GCC_NO_COMMON_BLOCKS = YES;
				GCC_WARN_64_TO_32_BIT_CONVERSION = YES;
				GCC_WARN_ABOUT_RETURN_TYPE = YES_ERROR;
				GCC_WARN_UNDECLARED_SELECTOR = YES;
				GCC_WARN_UNINITIALIZED_AUTOS = YES_AGGRESSIVE;
				GCC_WARN_UNUSED_FUNCTION = YES;
				GCC_WARN_UNUSED_VARIABLE = YES;
				IPHONEOS_DEPLOYMENT_TARGET = 15.4;
				MTL_ENABLE_DEBUG_INFO = NO;
				MTL_FAST_MATH = YES;
				SDKROOT = iphoneos;
				SWIFT_COMPILATION_MODE = wholemodule;
				SWIFT_OPTIMIZATION_LEVEL = "-O";
				VALIDATE_PRODUCT = YES;
			};
			name = Release;
		};
		8991EFB0280C923B004E314A /* Debug */ = {
			isa = XCBuildConfiguration;
			baseConfigurationReference = 562CC0B1A55CE5F8E89BE17B /* Pods-Colorful Calculator.debug.xcconfig */;
			buildSettings = {
				ASSETCATALOG_COMPILER_APPICON_NAME = AppIcon;
				ASSETCATALOG_COMPILER_GLOBAL_ACCENT_COLOR_NAME = AccentColor;
				CODE_SIGN_STYLE = Automatic;
				CURRENT_PROJECT_VERSION = 1;
				DEVELOPMENT_ASSET_PATHS = "\"Colorful Calculator/Preview Content\"";
				DEVELOPMENT_TEAM = DQXF6DAASK;
				ENABLE_PREVIEWS = YES;
				GENERATE_INFOPLIST_FILE = YES;
				INFOPLIST_KEY_UIApplicationSceneManifest_Generation = YES;
				INFOPLIST_KEY_UIApplicationSupportsIndirectInputEvents = YES;
				INFOPLIST_KEY_UILaunchScreen_Generation = YES;
				INFOPLIST_KEY_UISupportedInterfaceOrientations_iPad = "UIInterfaceOrientationPortrait UIInterfaceOrientationPortraitUpsideDown UIInterfaceOrientationLandscapeLeft UIInterfaceOrientationLandscapeRight";
				INFOPLIST_KEY_UISupportedInterfaceOrientations_iPhone = "UIInterfaceOrientationPortrait UIInterfaceOrientationLandscapeLeft UIInterfaceOrientationLandscapeRight";
				LD_RUNPATH_SEARCH_PATHS = (
					"$(inherited)",
					"@executable_path/Frameworks",
				);
				MARKETING_VERSION = 1.0;
				PRODUCT_BUNDLE_IDENTIFIER = "com.lukaszgolojuch.Colorful-Calculator";
				PRODUCT_NAME = "$(TARGET_NAME)";
				SWIFT_EMIT_LOC_STRINGS = YES;
				SWIFT_VERSION = 5.0;
				TARGETED_DEVICE_FAMILY = "1,2";
			};
			name = Debug;
		};
		8991EFB1280C923B004E314A /* Release */ = {
			isa = XCBuildConfiguration;
			baseConfigurationReference = D9CAA48AED1DF98A95764A94 /* Pods-Colorful Calculator.release.xcconfig */;
			buildSettings = {
				ASSETCATALOG_COMPILER_APPICON_NAME = AppIcon;
				ASSETCATALOG_COMPILER_GLOBAL_ACCENT_COLOR_NAME = AccentColor;
				CODE_SIGN_STYLE = Automatic;
				CURRENT_PROJECT_VERSION = 1;
				DEVELOPMENT_ASSET_PATHS = "\"Colorful Calculator/Preview Content\"";
				DEVELOPMENT_TEAM = DQXF6DAASK;
				ENABLE_PREVIEWS = YES;
				GENERATE_INFOPLIST_FILE = YES;
				INFOPLIST_KEY_UIApplicationSceneManifest_Generation = YES;
				INFOPLIST_KEY_UIApplicationSupportsIndirectInputEvents = YES;
				INFOPLIST_KEY_UILaunchScreen_Generation = YES;
				INFOPLIST_KEY_UISupportedInterfaceOrientations_iPad = "UIInterfaceOrientationPortrait UIInterfaceOrientationPortraitUpsideDown UIInterfaceOrientationLandscapeLeft UIInterfaceOrientationLandscapeRight";
				INFOPLIST_KEY_UISupportedInterfaceOrientations_iPhone = "UIInterfaceOrientationPortrait UIInterfaceOrientationLandscapeLeft UIInterfaceOrientationLandscapeRight";
				LD_RUNPATH_SEARCH_PATHS = (
					"$(inherited)",
					"@executable_path/Frameworks",
				);
				MARKETING_VERSION = 1.0;
				PRODUCT_BUNDLE_IDENTIFIER = "com.lukaszgolojuch.Colorful-Calculator";
				PRODUCT_NAME = "$(TARGET_NAME)";
				SWIFT_EMIT_LOC_STRINGS = YES;
				SWIFT_VERSION = 5.0;
				TARGETED_DEVICE_FAMILY = "1,2";
			};
			name = Release;
		};
/* End XCBuildConfiguration section */

/* Begin XCConfigurationList section */
		8991EF9C280C9238004E314A /* Build configuration list for PBXProject "Colorful Calculator" */ = {
			isa = XCConfigurationList;
			buildConfigurations = (
				8991EFAD280C923B004E314A /* Debug */,
				8991EFAE280C923B004E314A /* Release */,
			);
			defaultConfigurationIsVisible = 0;
			defaultConfigurationName = Release;
		};
		8991EFAF280C923B004E314A /* Build configuration list for PBXNativeTarget "Colorful Calculator" */ = {
			isa = XCConfigurationList;
			buildConfigurations = (
				8991EFB0280C923B004E314A /* Debug */,
				8991EFB1280C923B004E314A /* Release */,
			);
			defaultConfigurationIsVisible = 0;
			defaultConfigurationName = Release;
		};
/* End XCConfigurationList section */
	};
	rootObject = 8991EF99280C9238004E314A /* Project object */;
}
